
Microsoft Visual Studio Solution File, Format Version 12.00
# Visual Studio Version 16
VisualStudioVersion = 16.0.29709.97
MinimumVisualStudioVersion = 10.0.40219.1
Project("{F2A71F9B-5D33-465A-A702-920D77279786}") = "ReviveFldchar", "ReviveFldchar\ReviveFldchar.fsproj", "{38241CF0-A9BE-42B1-B8F9-279E3591F498}"
EndProject
Global
	GlobalSection(SolutionConfigurationPlatforms) = preSolution
		Debug|Any CPU = Debug|Any CPU
		Release|Any CPU = Release|Any CPU
	EndGlobalSection
	GlobalSection(ProjectConfigurationPlatforms) = postSolution
		{38241CF0-A9BE-42B1-B8F9-279E3591F498}.Debug|Any CPU.ActiveCfg = Debug|Any CPU
		{38241CF0-A9BE-42B1-B8F9-279E3591F498}.Debug|Any CPU.Build.0 = Debug|Any CPU
		{38241CF0-A9BE-42B1-B8F9-279E3591F498}.Release|Any CPU.ActiveCfg = Release|Any CPU
		{38241CF0-A9BE-42B1-B8F9-279E3591F498}.Release|Any CPU.Build.0 = Release|Any CPU
	EndGlobalSection
	GlobalSection(SolutionProperties) = preSolution
		HideSolutionNode = FALSE
	EndGlobalSection
	GlobalSection(ExtensibilityGlobals) = postSolution
		SolutionGuid = {19F5AD6A-045C-4017-BA53-A8D7E7C72052}
	EndGlobalSection
EndGlobal
